
Microsoft Visual Studio Solution File, Format Version 12.00
# Visual Studio 15
VisualStudioVersion = 15.0.28307.136
MinimumVisualStudioVersion = 10.0.40219.1
Project("{FAE04EC0-301F-11D3-BF4B-00C04F79EFBC}") = "XamarinWithPostgres.Android", "XamarinWithPostgres\XamarinWithPostgres.Android\XamarinWithPostgres.Android.csproj", "{8A99C51D-493C-486F-BFAF-58B103BB9065}"
EndProject
Project("{FAE04EC0-301F-11D3-BF4B-00C04F79EFBC}") = "XamarinWithPostgres.iOS", "XamarinWithPostgres\XamarinWithPostgres.iOS\XamarinWithPostgres.iOS.csproj", "{039E9BFA-F2E3-46D6-A1A1-1C5D8D0B8508}"
EndProject
Project("{FAE04EC0-301F-11D3-BF4B-00C04F79EFBC}") = "XamarinWithPostgres", "XamarinWithPostgres\XamarinWithPostgres\XamarinWithPostgres.csproj", "{8A2F51D5-C709-4A5F-A649-AA59A07AAC42}"
EndProject
Global
	GlobalSection(SolutionConfigurationPlatforms) = preSolution
		Ad-Hoc|Any CPU = Ad-Hoc|Any CPU
		Ad-Hoc|iPhone = Ad-Hoc|iPhone
		Ad-Hoc|iPhoneSimulator = Ad-Hoc|iPhoneSimulator
		AppStore|Any CPU = AppStore|Any CPU
		AppStore|iPhone = AppStore|iPhone
		AppStore|iPhoneSimulator = AppStore|iPhoneSimulator
		Debug|Any CPU = Debug|Any CPU
		Debug|iPhone = Debug|iPhone
		Debug|iPhoneSimulator = Debug|iPhoneSimulator
		Release|Any CPU = Release|Any CPU
		Release|iPhone = Release|iPhone
		Release|iPhoneSimulator = Release|iPhoneSimulator
	EndGlobalSection
	GlobalSection(ProjectConfigurationPlatforms) = postSolution
		{8A99C51D-493C-486F-BFAF-58B103BB9065}.Ad-Hoc|Any CPU.ActiveCfg = Release|Any CPU
		{8A99C51D-493C-486F-BFAF-58B103BB9065}.Ad-Hoc|Any CPU.Build.0 = Release|Any CPU
		{8A99C51D-493C-486F-BFAF-58B103BB9065}.Ad-Hoc|Any CPU.Deploy.0 = Release|Any CPU
		{8A99C51D-493C-486F-BFAF-58B103BB9065}.Ad-Hoc|iPhone.ActiveCfg = Release|Any CPU
		{8A99C51D-493C-486F-BFAF-58B103BB9065}.Ad-Hoc|iPhone.Build.0 = Release|Any CPU
		{8A99C51D-493C-486F-BFAF-58B103BB9065}.Ad-Hoc|iPhone.Deploy.0 = Release|Any CPU
		{8A99C51D-493C-486F-BFAF-58B103BB9065}.Ad-Hoc|iPhoneSimulator.ActiveCfg = Release|Any CPU
		{8A99C51D-493C-486F-BFAF-58B103BB9065}.Ad-Hoc|iPhoneSimulator.Build.0 = Release|Any CPU
		{8A99C51D-493C-486F-BFAF-58B103BB9065}.Ad-Hoc|iPhoneSimulator.Deploy.0 = Release|Any CPU
		{8A99C51D-493C-486F-BFAF-58B103BB9065}.AppStore|Any CPU.ActiveCfg = Release|Any CPU
		{8A99C51D-493C-486F-BFAF-58B103BB9065}.AppStore|Any CPU.Build.0 = Release|Any CPU
		{8A99C51D-493C-486F-BFAF-58B103BB9065}.AppStore|Any CPU.Deploy.0 = Release|Any CPU
		{8A99C51D-493C-486F-BFAF-58B103BB9065}.AppStore|iPhone.ActiveCfg = Release|Any CPU
		{8A99C51D-493C-486F-BFAF-58B103BB9065}.AppStore|iPhone.Build.0 = Release|Any CPU
		{8A99C51D-493C-486F-BFAF-58B103BB9065}.AppStore|iPhone.Deploy.0 = Release|Any CPU
		{8A99C51D-493C-486F-BFAF-58B103BB9065}.AppStore|iPhoneSimulator.ActiveCfg = Release|Any CPU
		{8A99C51D-493C-486F-BFAF-58B103BB9065}.AppStore|iPhoneSimulator.Build.0 = Release|Any CPU
		{8A99C51D-493C-486F-BFAF-58B103BB9065}.AppStore|iPhoneSimulator.Deploy.0 = Release|Any CPU
		{8A99C51D-493C-486F-BFAF-58B103BB9065}.Debug|Any CPU.ActiveCfg = Debug|Any CPU
		{8A99C51D-493C-486F-BFAF-58B103BB9065}.Debug|Any CPU.Build.0 = Debug|Any CPU
		{8A99C51D-493C-486F-BFAF-58B103BB9065}.Debug|Any CPU.Deploy.0 = Debug|Any CPU
		{8A99C51D-493C-486F-BFAF-58B103BB9065}.Debug|iPhone.ActiveCfg = Debug|Any CPU
		{8A99C51D-493C-486F-BFAF-58B103BB9065}.Debug|iPhone.Build.0 = Debug|Any CPU
		{8A99C51D-493C-486F-BFAF-58B103BB9065}.Debug|iPhone.Deploy.0 = Debug|Any CPU
		{8A99C51D-493C-486F-BFAF-58B103BB9065}.Debug|iPhoneSimulator.ActiveCfg = Debug|Any CPU
		{8A99C51D-493C-486F-BFAF-58B103BB9065}.Debug|iPhoneSimulator.Build.0 = Debug|Any CPU
		{8A99C51D-493C-486F-BFAF-58B103BB9065}.Debug|iPhoneSimulator.Deploy.0 = Debug|Any CPU
		{8A99C51D-493C-486F-BFAF-58B103BB9065}.Release|Any CPU.ActiveCfg = Release|Any CPU
		{8A99C51D-493C-486F-BFAF-58B103BB9065}.Release|Any CPU.Build.0 = Release|Any CPU
		{8A99C51D-493C-486F-BFAF-58B103BB9065}.Release|Any CPU.Deploy.0 = Release|Any CPU
		{8A99C51D-493C-486F-BFAF-58B103BB9065}.Release|iPhone.ActiveCfg = Release|Any CPU
		{8A99C51D-493C-486F-BFAF-58B103BB9065}.Release|iPhone.Build.0 = Release|Any CPU
		{8A99C51D-493C-486F-BFAF-58B103BB9065}.Release|iPhone.Deploy.0 = Release|Any CPU
		{8A99C51D-493C-486F-BFAF-58B103BB9065}.Release|iPhoneSimulator.ActiveCfg = Release|Any CPU
		{8A99C51D-493C-486F-BFAF-58B103BB9065}.Release|iPhoneSimulator.Build.0 = Release|Any CPU
		{8A99C51D-493C-486F-BFAF-58B103BB9065}.Release|iPhoneSimulator.Deploy.0 = Release|Any CPU
		{039E9BFA-F2E3-46D6-A1A1-1C5D8D0B8508}.Ad-Hoc|Any CPU.ActiveCfg = Ad-Hoc|iPhone
		{039E9BFA-F2E3-46D6-A1A1-1C5D8D0B8508}.Ad-Hoc|Any CPU.Build.0 = Ad-Hoc|iPhone
		{039E9BFA-F2E3-46D6-A1A1-1C5D8D0B8508}.Ad-Hoc|Any CPU.Deploy.0 = Ad-Hoc|iPhone
		{039E9BFA-F2E3-46D6-A1A1-1C5D8D0B8508}.Ad-Hoc|iPhone.ActiveCfg = Ad-Hoc|iPhone
		{039E9BFA-F2E3-46D6-A1A1-1C5D8D0B8508}.Ad-Hoc|iPhone.Build.0 = Ad-Hoc|iPhone
		{039E9BFA-F2E3-46D6-A1A1-1C5D8D0B8508}.Ad-Hoc|iPhone.Deploy.0 = Ad-Hoc|iPhone
		{039E9BFA-F2E3-46D6-A1A1-1C5D8D0B8508}.Ad-Hoc|iPhoneSimulator.ActiveCfg = Ad-Hoc|iPhoneSimulator
		{039E9BFA-F2E3-46D6-A1A1-1C5D8D0B8508}.Ad-Hoc|iPhoneSimulator.Build.0 = Ad-Hoc|iPhoneSimulator
		{039E9BFA-F2E3-46D6-A1A1-1C5D8D0B8508}.Ad-Hoc|iPhoneSimulator.Deploy.0 = Ad-Hoc|iPhoneSimulator
		{039E9BFA-F2E3-46D6-A1A1-1C5D8D0B8508}.AppStore|Any CPU.ActiveCfg = AppStore|iPhone
		{039E9BFA-F2E3-46D6-A1A1-1C5D8D0B8508}.AppStore|Any CPU.Build.0 = AppStore|iPhone
		{039E9BFA-F2E3-46D6-A1A1-1C5D8D0B8508}.AppStore|Any CPU.Deploy.0 = AppStore|iPhone
		{039E9BFA-F2E3-46D6-A1A1-1C5D8D0B8508}.AppStore|iPhone.ActiveCfg = AppStore|iPhone
		{039E9BFA-F2E3-46D6-A1A1-1C5D8D0B8508}.AppStore|iPhone.Build.0 = AppStore|iPhone
		{039E9BFA-F2E3-46D6-A1A1-1C5D8D0B8508}.AppStore|iPhone.Deploy.0 = AppStore|iPhone
		{039E9BFA-F2E3-46D6-A1A1-1C5D8D0B8508}.AppStore|iPhoneSimulator.ActiveCfg = AppStore|iPhoneSimulator
		{039E9BFA-F2E3-46D6-A1A1-1C5D8D0B8508}.AppStore|iPhoneSimulator.Build.0 = AppStore|iPhoneSimulator
		{039E9BFA-F2E3-46D6-A1A1-1C5D8D0B8508}.AppStore|iPhoneSimulator.Deploy.0 = AppStore|iPhoneSimulator
		{039E9BFA-F2E3-46D6-A1A1-1C5D8D0B8508}.Debug|Any CPU.ActiveCfg = Debug|iPhoneSimulator
		{039E9BFA-F2E3-46D6-A1A1-1C5D8D0B8508}.Debug|Any CPU.Build.0 = Debug|iPhoneSimulator
		{039E9BFA-F2E3-46D6-A1A1-1C5D8D0B8508}.Debug|Any CPU.Deploy.0 = Debug|iPhoneSimulator
		{039E9BFA-F2E3-46D6-A1A1-1C5D8D0B8508}.Debug|iPhone.ActiveCfg = Debug|iPhone
		{039E9BFA-F2E3-46D6-A1A1-1C5D8D0B8508}.Debug|iPhone.Build.0 = Debug|iPhone
		{039E9BFA-F2E3-46D6-A1A1-1C5D8D0B8508}.Debug|iPhone.Deploy.0 = Debug|iPhone
		{039E9BFA-F2E3-46D6-A1A1-1C5D8D0B8508}.Debug|iPhoneSimulator.ActiveCfg = Debug|iPhoneSimulator
		{039E9BFA-F2E3-46D6-A1A1-1C5D8D0B8508}.Debug|iPhoneSimulator.Build.0 = Debug|iPhoneSimulator
		{039E9BFA-F2E3-46D6-A1A1-1C5D8D0B8508}.Debug|iPhoneSimulator.Deploy.0 = Debug|iPhoneSimulator
		{039E9BFA-F2E3-46D6-A1A1-1C5D8D0B8508}.Release|Any CPU.ActiveCfg = Release|iPhone
		{039E9BFA-F2E3-46D6-A1A1-1C5D8D0B8508}.Release|Any CPU.Build.0 = Release|iPhone
		{039E9BFA-F2E3-46D6-A1A1-1C5D8D0B8508}.Release|Any CPU.Deploy.0 = Release|iPhone
		{039E9BFA-F2E3-46D6-A1A1-1C5D8D0B8508}.Release|iPhone.ActiveCfg = Release|iPhone
		{039E9BFA-F2E3-46D6-A1A1-1C5D8D0B8508}.Release|iPhone.Build.0 = Release|iPhone
		{039E9BFA-F2E3-46D6-A1A1-1C5D8D0B8508}.Release|iPhone.Deploy.0 = Release|iPhone
		{039E9BFA-F2E3-46D6-A1A1-1C5D8D0B8508}.Release|iPhoneSimulator.ActiveCfg = Release|iPhoneSimulator
		{039E9BFA-F2E3-46D6-A1A1-1C5D8D0B8508}.Release|iPhoneSimulator.Build.0 = Release|iPhoneSimulator
		{039E9BFA-F2E3-46D6-A1A1-1C5D8D0B8508}.Release|iPhoneSimulator.Deploy.0 = Release|iPhoneSimulator
		{8A2F51D5-C709-4A5F-A649-AA59A07AAC42}.Ad-Hoc|Any CPU.ActiveCfg = Debug|Any CPU
		{8A2F51D5-C709-4A5F-A649-AA59A07AAC42}.Ad-Hoc|Any CPU.Build.0 = Debug|Any CPU
		{8A2F51D5-C709-4A5F-A649-AA59A07AAC42}.Ad-Hoc|Any CPU.Deploy.0 = Debug|Any CPU
		{8A2F51D5-C709-4A5F-A649-AA59A07AAC42}.Ad-Hoc|iPhone.ActiveCfg = Debug|Any CPU
		{8A2F51D5-C709-4A5F-A649-AA59A07AAC42}.Ad-Hoc|iPhone.Build.0 = Debug|Any CPU
		{8A2F51D5-C709-4A5F-A649-AA59A07AAC42}.Ad-Hoc|iPhone.Deploy.0 = Debug|Any CPU
		{8A2F51D5-C709-4A5F-A649-AA59A07AAC42}.Ad-Hoc|iPhoneSimulator.ActiveCfg = Debug|Any CPU
		{8A2F51D5-C709-4A5F-A649-AA59A07AAC42}.Ad-Hoc|iPhoneSimulator.Build.0 = Debug|Any CPU
		{8A2F51D5-C709-4A5F-A649-AA59A07AAC42}.Ad-Hoc|iPhoneSimulator.Deploy.0 = Debug|Any CPU
		{8A2F51D5-C709-4A5F-A649-AA59A07AAC42}.AppStore|Any CPU.ActiveCfg = Debug|Any CPU
		{8A2F51D5-C709-4A5F-A649-AA59A07AAC42}.AppStore|Any CPU.Build.0 = Debug|Any CPU
		{8A2F51D5-C709-4A5F-A649-AA59A07AAC42}.AppStore|Any CPU.Deploy.0 = Debug|Any CPU
		{8A2F51D5-C709-4A5F-A649-AA59A07AAC42}.AppStore|iPhone.ActiveCfg = Debug|Any CPU
		{8A2F51D5-C709-4A5F-A649-AA59A07AAC42}.AppStore|iPhone.Build.0 = Debug|Any CPU
		{8A2F51D5-C709-4A5F-A649-AA59A07AAC42}.AppStore|iPhone.Deploy.0 = Debug|Any CPU
		{8A2F51D5-C709-4A5F-A649-AA59A07AAC42}.AppStore|iPhoneSimulator.ActiveCfg = Debug|Any CPU
		{8A2F51D5-C709-4A5F-A649-AA59A07AAC42}.AppStore|iPhoneSimulator.Build.0 = Debug|Any CPU
		{8A2F51D5-C709-4A5F-A649-AA59A07AAC42}.AppStore|iPhoneSimulator.Deploy.0 = Debug|Any CPU
		{8A2F51D5-C709-4A5F-A649-AA59A07AAC42}.Debug|Any CPU.ActiveCfg = Debug|Any CPU
		{8A2F51D5-C709-4A5F-A649-AA59A07AAC42}.Debug|Any CPU.Build.0 = Debug|Any CPU
		{8A2F51D5-C709-4A5F-A649-AA59A07AAC42}.Debug|Any CPU.Deploy.0 = Debug|Any CPU
		{8A2F51D5-C709-4A5F-A649-AA59A07AAC42}.Debug|iPhone.ActiveCfg = Debug|Any CPU
		{8A2F51D5-C709-4A5F-A649-AA59A07AAC42}.Debug|iPhone.Build.0 = Debug|Any CPU
		{8A2F51D5-C709-4A5F-A649-AA59A07AAC42}.Debug|iPhone.Deploy.0 = Debug|Any CPU
		{8A2F51D5-C709-4A5F-A649-AA59A07AAC42}.Debug|iPhoneSimulator.ActiveCfg = Debug|Any CPU
		{8A2F51D5-C709-4A5F-A649-AA59A07AAC42}.Debug|iPhoneSimulator.Build.0 = Debug|Any CPU
		{8A2F51D5-C709-4A5F-A649-AA59A07AAC42}.Debug|iPhoneSimulator.Deploy.0 = Debug|Any CPU
		{8A2F51D5-C709-4A5F-A649-AA59A07AAC42}.Release|Any CPU.ActiveCfg = Release|Any CPU
		{8A2F51D5-C709-4A5F-A649-AA59A07AAC42}.Release|Any CPU.Build.0 = Release|Any CPU
		{8A2F51D5-C709-4A5F-A649-AA59A07AAC42}.Release|Any CPU.Deploy.0 = Release|Any CPU
		{8A2F51D5-C709-4A5F-A649-AA59A07AAC42}.Release|iPhone.ActiveCfg = Release|Any CPU
		{8A2F51D5-C709-4A5F-A649-AA59A07AAC42}.Release|iPhone.Build.0 = Release|Any CPU
		{8A2F51D5-C709-4A5F-A649-AA59A07AAC42}.Release|iPhone.Deploy.0 = Release|Any CPU
		{8A2F51D5-C709-4A5F-A649-AA59A07AAC42}.Release|iPhoneSimulator.ActiveCfg = Release|Any CPU
		{8A2F51D5-C709-4A5F-A649-AA59A07AAC42}.Release|iPhoneSimulator.Build.0 = Release|Any CPU
		{8A2F51D5-C709-4A5F-A649-AA59A07AAC42}.Release|iPhoneSimulator.Deploy.0 = Release|Any CPU
	EndGlobalSection
	GlobalSection(SolutionProperties) = preSolution
		HideSolutionNode = FALSE
	EndGlobalSection
	GlobalSection(ExtensibilityGlobals) = postSolution
		SolutionGuid = {88D8A479-E076-4C23-B4E3-B990CBBAFD20}
	EndGlobalSection
EndGlobal
